
Microsoft Visual Studio Solution File, Format Version 12.00
# Visual Studio Version 16
VisualStudioVersion = 16.0.30011.22
MinimumVisualStudioVersion = 10.0.40219.1
Project("{FAE04EC0-301F-11D3-BF4B-00C04F79EFBC}") = "Defakto_Project", "Defakto_Project.csproj", "{9086FC25-353A-41A2-B008-D6FD8654636E}"
EndProject
Global
	GlobalSection(SolutionConfigurationPlatforms) = preSolution
		Debug|Any CPU = Debug|Any CPU
		Release|Any CPU = Release|Any CPU
	EndGlobalSection
	GlobalSection(ProjectConfigurationPlatforms) = postSolution
		{9086FC25-353A-41A2-B008-D6FD8654636E}.Debug|Any CPU.ActiveCfg = Debug|Any CPU
		{9086FC25-353A-41A2-B008-D6FD8654636E}.Debug|Any CPU.Build.0 = Debug|Any CPU
		{9086FC25-353A-41A2-B008-D6FD8654636E}.Release|Any CPU.ActiveCfg = Release|Any CPU
		{9086FC25-353A-41A2-B008-D6FD8654636E}.Release|Any CPU.Build.0 = Release|Any CPU
	EndGlobalSection
	GlobalSection(SolutionProperties) = preSolution
		HideSolutionNode = FALSE
	EndGlobalSection
	GlobalSection(ExtensibilityGlobals) = postSolution
		SolutionGuid = {C0B2272C-7DC0-4BCC-A7F6-A5C6CE198040}
	EndGlobalSection
EndGlobal
